// !$*UTF8*$!
{
	archiveVersion = 1;
	classes = {
	};
	objectVersion = 46;
	objects = {

/* Begin PBXBuildFile section */
		1A464B1A1C5B0A2D00FF9F7E /* AppDelegate.swift in Sources */ = {isa = PBXBuildFile; fileRef = 1A464B191C5B0A2D00FF9F7E /* AppDelegate.swift */; };
		1A464B1C1C5B0A2D00FF9F7E /* ViewController.swift in Sources */ = {isa = PBXBuildFile; fileRef = 1A464B1B1C5B0A2D00FF9F7E /* ViewController.swift */; };
		1A464B1F1C5B0A2D00FF9F7E /* Main.storyboard in Resources */ = {isa = PBXBuildFile; fileRef = 1A464B1D1C5B0A2D00FF9F7E /* Main.storyboard */; };
		1A464B211C5B0A2D00FF9F7E /* Assets.xcassets in Resources */ = {isa = PBXBuildFile; fileRef = 1A464B201C5B0A2D00FF9F7E /* Assets.xcassets */; };
		1A464B241C5B0A2D00FF9F7E /* LaunchScreen.storyboard in Resources */ = {isa = PBXBuildFile; fileRef = 1A464B221C5B0A2D00FF9F7E /* LaunchScreen.storyboard */; };
/* End PBXBuildFile section */

/* Begin PBXFileReference section */
		1A464B161C5B0A2D00FF9F7E /* CTEIN.app */ = {isa = PBXFileReference; explicitFileType = wrapper.application; includeInIndex = 0; path = CTEIN.app; sourceTree = BUILT_PRODUCTS_DIR; };
		1A464B191C5B0A2D00FF9F7E /* AppDelegate.swift */ = {isa = PBXFileReference; lastKnownFileType = sourcecode.swift; path = AppDelegate.swift; sourceTree = "<group>"; };
		1A464B1B1C5B0A2D00FF9F7E /* ViewController.swift */ = {isa = PBXFileReference; lastKnownFileType = sourcecode.swift; path = ViewController.swift; sourceTree = "<group>"; };
		1A464B1E1C5B0A2D00FF9F7E /* Base */ = {isa = PBXFileReference; lastKnownFileType = file.storyboard; name = Base; path = Base.lproj/Main.storyboard; sourceTree = "<group>"; };
		1A464B201C5B0A2D00FF9F7E /* Assets.xcassets */ = {isa = PBXFileReference; lastKnownFileType = folder.assetcatalog; path = Assets.xcassets; sourceTree = "<group>"; };
		1A464B231C5B0A2D00FF9F7E /* Base */ = {isa = PBXFileReference; lastKnownFileType = file.storyboard; name = Base; path = Base.lproj/LaunchScreen.storyboard; sourceTree = "<group>"; };
		1A464B251C5B0A2D00FF9F7E /* Info.plist */ = {isa = PBXFileReference; lastKnownFileType = text.plist.xml; path = Info.plist; sourceTree = "<group>"; };
/* End PBXFileReference section */

/* Begin PBXFrameworksBuildPhase section */
		1A464B131C5B0A2D00FF9F7E /* Frameworks */ = {
			isa = PBXFrameworksBuildPhase;
			buildActionMask = 2147483647;
			files = (
			);
			runOnlyForDeploymentPostprocessing = 0;
		};
/* End PBXFrameworksBuildPhase section */

/* Begin PBXGroup section */
		1A464B0D1C5B0A2D00FF9F7E = {
			isa = PBXGroup;
			children = (
				1A464B181C5B0A2D00FF9F7E /* CTEIN */,
				1A464B171C5B0A2D00FF9F7E /* Products */,
			);
			sourceTree = "<group>";
		};
		1A464B171C5B0A2D00FF9F7E /* Products */ = {
			isa = PBXGroup;
			children = (
				1A464B161C5B0A2D00FF9F7E /* CTEIN.app */,
			);
			name = Products;
			sourceTree = "<group>";
		};
		1A464B181C5B0A2D00FF9F7E /* CTEIN */ = {
			isa = PBXGroup;
			children = (
				1A464B191C5B0A2D00FF9F7E /* AppDelegate.swift */,
				1A464B1B1C5B0A2D00FF9F7E /* ViewController.swift */,
				1A464B1D1C5B0A2D00FF9F7E /* Main.storyboard */,
				1A464B201C5B0A2D00FF9F7E /* Assets.xcassets */,
				1A464B221C5B0A2D00FF9F7E /* LaunchScreen.storyboard */,
				1A464B251C5B0A2D00FF9F7E /* Info.plist */,
			);
			path = CTEIN;
			sourceTree = "<group>";
		};
/* End PBXGroup section */

/* Begin PBXNativeTarget section */
		1A464B151C5B0A2D00FF9F7E /* CTEIN */ = {
			isa = PBXNativeTarget;
			buildConfigurationList = 1A464B281C5B0A2D00FF9F7E /* Build configuration list for PBXNativeTarget "CTEIN" */;
			buildPhases = (
				1A464B121C5B0A2D00FF9F7E /* Sources */,
				1A464B131C5B0A2D00FF9F7E /* Frameworks */,
				1A464B141C5B0A2D00FF9F7E /* Resources */,
			);
			buildRules = (
			);
			dependencies = (
			);
			name = CTEIN;
			productName = CTEIN;
			productReference = 1A464B161C5B0A2D00FF9F7E /* CTEIN.app */;
			productType = "com.apple.product-type.application";
		};
/* End PBXNativeTarget section */

/* Begin PBXProject section */
		1A464B0E1C5B0A2D00FF9F7E /* Project object */ = {
			isa = PBXProject;
			attributes = {
				LastSwiftUpdateCheck = 0720;
				LastUpgradeCheck = 0720;
				ORGANIZATIONNAME = "James Landers";
				TargetAttributes = {
					1A464B151C5B0A2D00FF9F7E = {
						CreatedOnToolsVersion = 7.2;
						DevelopmentTeam = E4J2943UD4;
					};
				};
			};
			buildConfigurationList = 1A464B111C5B0A2D00FF9F7E /* Build configuration list for PBXProject "CTEIN" */;
			compatibilityVersion = "Xcode 3.2";
			developmentRegion = English;
			hasScannedForEncodings = 0;
			knownRegions = (
				en,
				Base,
			);
			mainGroup = 1A464B0D1C5B0A2D00FF9F7E;
			productRefGroup = 1A464B171C5B0A2D00FF9F7E /* Products */;
			projectDirPath = "";
			projectRoot = "";
			targets = (
				1A464B151C5B0A2D00FF9F7E /* CTEIN */,
			);
		};
/* End PBXProject section */

/* Begin PBXResourcesBuildPhase section */
		1A464B141C5B0A2D00FF9F7E /* Resources */ = {
			isa = PBXResourcesBuildPhase;
			buildActionMask = 2147483647;
			files = (
				1A464B241C5B0A2D00FF9F7E /* LaunchScreen.storyboard in Resources */,
				1A464B211C5B0A2D00FF9F7E /* Assets.xcassets in Resources */,
				1A464B1F1C5B0A2D00FF9F7E /* Main.storyboard in Resources */,
			);
			runOnlyForDeploymentPostprocessing = 0;
		};
/* End PBXResourcesBuildPhase section */

/* Begin PBXSourcesBuildPhase section */
		1A464B121C5B0A2D00FF9F7E /* Sources */ = {
			isa = PBXSourcesBuildPhase;
			buildActionMask = 2147483647;
			files = (
				1A464B1C1C5B0A2D00FF9F7E /* ViewController.swift in Sources */,
				1A464B1A1C5B0A2D00FF9F7E /* AppDelegate.swift in Sources */,
			);
			runOnlyForDeploymentPostprocessing = 0;
		};
/* End PBXSourcesBuildPhase section */

/* Begin PBXVariantGroup section */
		1A464B1D1C5B0A2D00FF9F7E /* Main.storyboard */ = {
			isa = PBXVariantGroup;
			children = (
				1A464B1E1C5B0A2D00FF9F7E /* Base */,
			);
			name = Main.storyboard;
			sourceTree = "<group>";
		};
		1A464B221C5B0A2D00FF9F7E /* LaunchScreen.storyboard */ = {
			isa = PBXVariantGroup;
			children = (
				1A464B231C5B0A2D00FF9F7E /* Base */,
			);
			name = LaunchScreen.storyboard;
			sourceTree = "<group>";
		};
/* End PBXVariantGroup section */

/* Begin XCBuildConfiguration section */
		1A464B261C5B0A2D00FF9F7E /* Debug */ = {
			isa = XCBuildConfiguration;
			buildSettings = {
				ALWAYS_SEARCH_USER_PATHS = NO;
				CLANG_CXX_LANGUAGE_STANDARD = "gnu++0x";
				CLANG_CXX_LIBRARY = "libc++";
				CLANG_ENABLE_MODULES = YES;
				CLANG_ENABLE_OBJC_ARC = YES;
				CLANG_WARN_BOOL_CONVERSION = YES;
				CLANG_WARN_CONSTANT_CONVERSION = YES;
				CLANG_WARN_DIRECT_OBJC_ISA_USAGE = YES_ERROR;
				CLANG_WARN_EMPTY_BODY = YES;
				CLANG_WARN_ENUM_CONVERSION = YES;
				CLANG_WARN_INT_CONVERSION = YES;
				CLANG_WARN_OBJC_ROOT_CLASS = YES_ERROR;
				CLANG_WARN_UNREACHABLE_CODE = YES;
				CLANG_WARN__DUPLICATE_METHOD_MATCH = YES;
				"CODE_SIGN_IDENTITY[sdk=iphoneos*]" = "iPhone Developer";
				COPY_PHASE_STRIP = NO;
				DEBUG_INFORMATION_FORMAT = dwarf;
				ENABLE_STRICT_OBJC_MSGSEND = YES;
				ENABLE_TESTABILITY = YES;
				GCC_C_LANGUAGE_STANDARD = gnu99;
				GCC_DYNAMIC_NO_PIC = NO;
				GCC_NO_COMMON_BLOCKS = YES;
				GCC_OPTIMIZATION_LEVEL = 0;
				GCC_PREPROCESSOR_DEFINITIONS = (
					"DEBUG=1",
					"$(inherited)",
				);
				GCC_WARN_64_TO_32_BIT_CONVERSION = YES;
				GCC_WARN_ABOUT_RETURN_TYPE = YES_ERROR;
				GCC_WARN_UNDECLARED_SELECTOR = YES;
				GCC_WARN_UNINITIALIZED_AUTOS = YES_AGGRESSIVE;
				GCC_WARN_UNUSED_FUNCTION = YES;
				GCC_WARN_UNUSED_VARIABLE = YES;
				IPHONEOS_DEPLOYMENT_TARGET = 9.2;
				MTL_ENABLE_DEBUG_INFO = YES;
				ONLY_ACTIVE_ARCH = YES;
				SDKROOT = iphoneos;
				SWIFT_OPTIMIZATION_LEVEL = "-Onone";
				TARGETED_DEVICE_FAMILY = "1,2";
			};
			name = Debug;
		};
		1A464B271C5B0A2D00FF9F7E /* Release */ = {
			isa = XCBuildConfiguration;
			buildSettings = {
				ALWAYS_SEARCH_USER_PATHS = NO;
				CLANG_CXX_LANGUAGE_STANDARD = "gnu++0x";
				CLANG_CXX_LIBRARY = "libc++";
				CLANG_ENABLE_MODULES = YES;
				CLANG_ENABLE_OBJC_ARC = YES;
				CLANG_WARN_BOOL_CONVERSION = YES;
				CLANG_WARN_CONSTANT_CONVERSION = YES;
				CLANG_WARN_DIRECT_OBJC_ISA_USAGE = YES_ERROR;
				CLANG_WARN_EMPTY_BODY = YES;
				CLANG_WARN_ENUM_CONVERSION = YES;
				CLANG_WARN_INT_CONVERSION = YES;
				CLANG_WARN_OBJC_ROOT_CLASS = YES_ERROR;
				CLANG_WARN_UNREACHABLE_CODE = YES;
				CLANG_WARN__DUPLICATE_METHOD_MATCH = YES;
				"CODE_SIGN_IDENTITY[sdk=iphoneos*]" = "iPhone Developer";
				COPY_PHASE_STRIP = NO;
				DEBUG_INFORMATION_FORMAT = "dwarf-with-dsym";
				ENABLE_NS_ASSERTIONS = NO;
				ENABLE_STRICT_OBJC_MSGSEND = YES;
				GCC_C_LANGUAGE_STANDARD = gnu99;
				GCC_NO_COMMON_BLOCKS = YES;
				GCC_WARN_64_TO_32_BIT_CONVERSION = YES;
				GCC_WARN_ABOUT_RETURN_TYPE = YES_ERROR;
				GCC_WARN_UNDECLARED_SELECTOR = YES;
				GCC_WARN_UNINITIALIZED_AUTOS = YES_AGGRESSIVE;
				GCC_WARN_UNUSED_FUNCTION = YES;
				GCC_WARN_UNUSED_VARIABLE = YES;
				IPHONEOS_DEPLOYMENT_TARGET = 9.2;
				MTL_ENABLE_DEBUG_INFO = NO;
				SDKROOT = iphoneos;
				TARGETED_DEVICE_FAMILY = "1,2";
				VALIDATE_PRODUCT = YES;
			};
			name = Release;
		};
		1A464B291C5B0A2D00FF9F7E /* Debug */ = {
			isa = XCBuildConfiguration;
			buildSettings = {
				ASSETCATALOG_COMPILER_APPICON_NAME = AppIcon;
				INFOPLIST_FILE = CTEIN/Info.plist;
				LD_RUNPATH_SEARCH_PATHS = "$(inherited) @executable_path/Frameworks";
				PRODUCT_BUNDLE_IDENTIFIER = com.webwraith.CTEIN;
				PRODUCT_NAME = "$(TARGET_NAME)";
			};
			name = Debug;
		};
		1A464B2A1C5B0A2D00FF9F7E /* Release */ = {
			isa = XCBuildConfiguration;
			buildSettings = {
				ASSETCATALOG_COMPILER_APPICON_NAME = AppIcon;
				INFOPLIST_FILE = CTEIN/Info.plist;
				LD_RUNPATH_SEARCH_PATHS = "$(inherited) @executable_path/Frameworks";
				PRODUCT_BUNDLE_IDENTIFIER = com.webwraith.CTEIN;
				PRODUCT_NAME = "$(TARGET_NAME)";
			};
			name = Release;
		};
/* End XCBuildConfiguration section */

/* Begin XCConfigurationList section */
		1A464B111C5B0A2D00FF9F7E /* Build configuration list for PBXProject "CTEIN" */ = {
			isa = XCConfigurationList;
			buildConfigurations = (
				1A464B261C5B0A2D00FF9F7E /* Debug */,
				1A464B271C5B0A2D00FF9F7E /* Release */,
			);
			defaultConfigurationIsVisible = 0;
			defaultConfigurationName = Release;
		};
		1A464B281C5B0A2D00FF9F7E /* Build configuration list for PBXNativeTarget "CTEIN" */ = {
			isa = XCConfigurationList;
			buildConfigurations = (
				1A464B291C5B0A2D00FF9F7E /* Debug */,
				1A464B2A1C5B0A2D00FF9F7E /* Release */,
			);
			defaultConfigurationIsVisible = 0;
		};
/* End XCConfigurationList section */
	};
	rootObject = 1A464B0E1C5B0A2D00FF9F7E /* Project object */;
}
